PODS:
  - APAddressBook (0.2.3):
    - APAddressBook/Core (= 0.2.3)
  - APAddressBook/Core (0.2.3)
  - EmailPicker (1.0.1):
    - APAddressBook

DEPENDENCIES:
  - APAddressBook
  - EmailPicker (from `../`)

EXTERNAL SOURCES:
  EmailPicker:
    :path: "../"

SPEC CHECKSUMS:
  APAddressBook: 2a91bf05999548bea210ec9d1a68073f4dc8bfce
  EmailPicker: 9972779fc3d6bd1306c92a03eca14d90f5da67f0

PODFILE CHECKSUM: c2988b8e159b942d0888d521e4cd55dce012c516

COCOAPODS: 1.1.1
